
Microsoft Visual Studio Solution File, Format Version 12.00
# Visual Studio Version 16
VisualStudioVersion = 16.0.31321.278
MinimumVisualStudioVersion = 10.0.40219.1
Project("{FAE04EC0-301F-11D3-BF4B-00C04F79EFBC}") = "HelloWorld_Hutton_Riley", "HelloWorld_Hutton_Riley.csproj", "{34A8EE14-7BFA-4DD3-8633-5B701E3BF107}"
EndProject
Global
	GlobalSection(SolutionConfigurationPlatforms) = preSolution
		Debug|Any CPU = Debug|Any CPU
		Release|Any CPU = Release|Any CPU
	EndGlobalSection
	GlobalSection(ProjectConfigurationPlatforms) = postSolution
		{34A8EE14-7BFA-4DD3-8633-5B701E3BF107}.Debug|Any CPU.ActiveCfg = Debug|Any CPU
		{34A8EE14-7BFA-4DD3-8633-5B701E3BF107}.Debug|Any CPU.Build.0 = Debug|Any CPU
		{34A8EE14-7BFA-4DD3-8633-5B701E3BF107}.Release|Any CPU.ActiveCfg = Release|Any CPU
		{34A8EE14-7BFA-4DD3-8633-5B701E3BF107}.Release|Any CPU.Build.0 = Release|Any CPU
	EndGlobalSection
	GlobalSection(SolutionProperties) = preSolution
		HideSolutionNode = FALSE
	EndGlobalSection
	GlobalSection(ExtensibilityGlobals) = postSolution
		SolutionGuid = {6D01565D-B501-4306-8DBD-500D2D4900E8}
	EndGlobalSection
EndGlobal
